
Microsoft Visual Studio Solution File, Format Version 12.00
# Visual Studio Version 17
VisualStudioVersion = 17.4.33205.214
MinimumVisualStudioVersion = 10.0.40219.1
Project("{9A19103F-16F7-4668-BE54-9A1E7A4F7556}") = "MyQuickDesk", "MyQuickDesk.csproj", "{56E52879-9E98-4693-A764-2661275522E5}"
EndProject
Project("{FAE04EC0-301F-11D3-BF4B-00C04F79EFBC}") = "MyQuickDesk.Tests", "..\MyQuickDesk.Tests\MyQuickDesk.Tests.csproj", "{F224E9B4-0C69-4948-AD5F-706D1C810DC4}"
EndProject
Global
	GlobalSection(SolutionConfigurationPlatforms) = preSolution
		Debug|Any CPU = Debug|Any CPU
		Release|Any CPU = Release|Any CPU
	EndGlobalSection
	GlobalSection(ProjectConfigurationPlatforms) = postSolution
		{56E52879-9E98-4693-A764-2661275522E5}.Debug|Any CPU.ActiveCfg = Debug|Any CPU
		{56E52879-9E98-4693-A764-2661275522E5}.Debug|Any CPU.Build.0 = Debug|Any CPU
		{56E52879-9E98-4693-A764-2661275522E5}.Release|Any CPU.ActiveCfg = Release|Any CPU
		{56E52879-9E98-4693-A764-2661275522E5}.Release|Any CPU.Build.0 = Release|Any CPU
		{F224E9B4-0C69-4948-AD5F-706D1C810DC4}.Debug|Any CPU.ActiveCfg = Debug|Any CPU
		{F224E9B4-0C69-4948-AD5F-706D1C810DC4}.Debug|Any CPU.Build.0 = Debug|Any CPU
		{F224E9B4-0C69-4948-AD5F-706D1C810DC4}.Release|Any CPU.ActiveCfg = Release|Any CPU
		{F224E9B4-0C69-4948-AD5F-706D1C810DC4}.Release|Any CPU.Build.0 = Release|Any CPU
	EndGlobalSection
	GlobalSection(SolutionProperties) = preSolution
		HideSolutionNode = FALSE
	EndGlobalSection
	GlobalSection(ExtensibilityGlobals) = postSolution
		SolutionGuid = {ECD21C91-E568-4B1F-9745-909EFC2B928F}
	EndGlobalSection
EndGlobal
