
Microsoft Visual Studio Solution File, Format Version 12.00
# Visual Studio Version 17
VisualStudioVersion = 17.4.33213.308
MinimumVisualStudioVersion = 10.0.40219.1
Project("{9A19103F-16F7-4668-BE54-9A1E7A4F7556}") = "Users", "MyQuickDesk-Console\Users.csproj", "{DA122AE8-E2FA-4623-B588-65C9C79CEC06}"
EndProject
Project("{9A19103F-16F7-4668-BE54-9A1E7A4F7556}") = "Menu", "Menu\Menu.csproj", "{BF5DE8FF-1983-4FBE-B4E5-0F370A54C8E3}"
EndProject
Project("{9A19103F-16F7-4668-BE54-9A1E7A4F7556}") = "Logika-Beznesowa", "Logika-Beznesowa\Logika-Beznesowa.csproj", "{11257FBD-3E82-4328-9F64-DB396AAC4591}"
EndProject
Project("{9A19103F-16F7-4668-BE54-9A1E7A4F7556}") = "Reservations", "Reservations\Reservations.csproj", "{071798D6-3FC8-49B0-BD7A-C81A20814CDD}"
EndProject
Global
	GlobalSection(SolutionConfigurationPlatforms) = preSolution
		Debug|Any CPU = Debug|Any CPU
		Release|Any CPU = Release|Any CPU
	EndGlobalSection
	GlobalSection(ProjectConfigurationPlatforms) = postSolution
		{DA122AE8-E2FA-4623-B588-65C9C79CEC06}.Debug|Any CPU.ActiveCfg = Debug|Any CPU
		{DA122AE8-E2FA-4623-B588-65C9C79CEC06}.Debug|Any CPU.Build.0 = Debug|Any CPU
		{DA122AE8-E2FA-4623-B588-65C9C79CEC06}.Release|Any CPU.ActiveCfg = Release|Any CPU
		{DA122AE8-E2FA-4623-B588-65C9C79CEC06}.Release|Any CPU.Build.0 = Release|Any CPU
		{BF5DE8FF-1983-4FBE-B4E5-0F370A54C8E3}.Debug|Any CPU.ActiveCfg = Debug|Any CPU
		{BF5DE8FF-1983-4FBE-B4E5-0F370A54C8E3}.Debug|Any CPU.Build.0 = Debug|Any CPU
		{BF5DE8FF-1983-4FBE-B4E5-0F370A54C8E3}.Release|Any CPU.ActiveCfg = Release|Any CPU
		{BF5DE8FF-1983-4FBE-B4E5-0F370A54C8E3}.Release|Any CPU.Build.0 = Release|Any CPU
		{11257FBD-3E82-4328-9F64-DB396AAC4591}.Debug|Any CPU.ActiveCfg = Debug|Any CPU
		{11257FBD-3E82-4328-9F64-DB396AAC4591}.Debug|Any CPU.Build.0 = Debug|Any CPU
		{11257FBD-3E82-4328-9F64-DB396AAC4591}.Release|Any CPU.ActiveCfg = Release|Any CPU
		{11257FBD-3E82-4328-9F64-DB396AAC4591}.Release|Any CPU.Build.0 = Release|Any CPU
		{071798D6-3FC8-49B0-BD7A-C81A20814CDD}.Debug|Any CPU.ActiveCfg = Debug|Any CPU
		{071798D6-3FC8-49B0-BD7A-C81A20814CDD}.Debug|Any CPU.Build.0 = Debug|Any CPU
		{071798D6-3FC8-49B0-BD7A-C81A20814CDD}.Release|Any CPU.ActiveCfg = Release|Any CPU
		{071798D6-3FC8-49B0-BD7A-C81A20814CDD}.Release|Any CPU.Build.0 = Release|Any CPU
	EndGlobalSection
	GlobalSection(SolutionProperties) = preSolution
		HideSolutionNode = FALSE
	EndGlobalSection
	GlobalSection(ExtensibilityGlobals) = postSolution
		SolutionGuid = {B289374C-D839-42CF-9034-E1C0DBF868F9}
	EndGlobalSection
EndGlobal
